
Microsoft Visual Studio Solution File, Format Version 12.00
# Visual Studio 15
VisualStudioVersion = 15.0.28307.421
MinimumVisualStudioVersion = 10.0.40219.1
Project("{9A19103F-16F7-4668-BE54-9A1E7A4F7556}") = "Bot", "src\Bot\Bot.csproj", "{2A0EEC6E-5C4B-40B1-8F2F-866947E4C43D}"
EndProject
Project("{9A19103F-16F7-4668-BE54-9A1E7A4F7556}") = "MapsGenerator", "src\MapsGenerator\MapsGenerator.csproj", "{12F4264B-2CA0-4A3D-8888-9451BCD2E42F}"
EndProject
Project("{9A19103F-16F7-4668-BE54-9A1E7A4F7556}") = "Data", "src\Data\Data.csproj", "{67B165F1-2662-425E-8EDC-D51A0D709F85}"
EndProject
Project("{9A19103F-16F7-4668-BE54-9A1E7A4F7556}") = "CustomConsoleLogger", "src\CustomConsoleLogger\CustomConsoleLogger.csproj", "{5C7A05C8-4E63-433A-9882-78EFE11E4A0C}"
EndProject
Global
	GlobalSection(SolutionConfigurationPlatforms) = preSolution
		Debug|Any CPU = Debug|Any CPU
		Release|Any CPU = Release|Any CPU
	EndGlobalSection
	GlobalSection(ProjectConfigurationPlatforms) = postSolution
		{2A0EEC6E-5C4B-40B1-8F2F-866947E4C43D}.Debug|Any CPU.ActiveCfg = Debug|Any CPU
		{2A0EEC6E-5C4B-40B1-8F2F-866947E4C43D}.Debug|Any CPU.Build.0 = Debug|Any CPU
		{2A0EEC6E-5C4B-40B1-8F2F-866947E4C43D}.Release|Any CPU.ActiveCfg = Release|Any CPU
		{2A0EEC6E-5C4B-40B1-8F2F-866947E4C43D}.Release|Any CPU.Build.0 = Release|Any CPU
		{12F4264B-2CA0-4A3D-8888-9451BCD2E42F}.Debug|Any CPU.ActiveCfg = Debug|Any CPU
		{12F4264B-2CA0-4A3D-8888-9451BCD2E42F}.Debug|Any CPU.Build.0 = Debug|Any CPU
		{12F4264B-2CA0-4A3D-8888-9451BCD2E42F}.Release|Any CPU.ActiveCfg = Release|Any CPU
		{12F4264B-2CA0-4A3D-8888-9451BCD2E42F}.Release|Any CPU.Build.0 = Release|Any CPU
		{67B165F1-2662-425E-8EDC-D51A0D709F85}.Debug|Any CPU.ActiveCfg = Debug|Any CPU
		{67B165F1-2662-425E-8EDC-D51A0D709F85}.Debug|Any CPU.Build.0 = Debug|Any CPU
		{67B165F1-2662-425E-8EDC-D51A0D709F85}.Release|Any CPU.ActiveCfg = Release|Any CPU
		{67B165F1-2662-425E-8EDC-D51A0D709F85}.Release|Any CPU.Build.0 = Release|Any CPU
		{5C7A05C8-4E63-433A-9882-78EFE11E4A0C}.Debug|Any CPU.ActiveCfg = Debug|Any CPU
		{5C7A05C8-4E63-433A-9882-78EFE11E4A0C}.Debug|Any CPU.Build.0 = Debug|Any CPU
		{5C7A05C8-4E63-433A-9882-78EFE11E4A0C}.Release|Any CPU.ActiveCfg = Release|Any CPU
		{5C7A05C8-4E63-433A-9882-78EFE11E4A0C}.Release|Any CPU.Build.0 = Release|Any CPU
	EndGlobalSection
	GlobalSection(SolutionProperties) = preSolution
		HideSolutionNode = FALSE
	EndGlobalSection
	GlobalSection(ExtensibilityGlobals) = postSolution
		SolutionGuid = {AE9E006C-D6BC-4B19-9F59-1664ADFA25F0}
	EndGlobalSection
EndGlobal
